
Microsoft Visual Studio Solution File, Format Version 12.00
# Visual Studio Version 17
VisualStudioVersion = 17.14.36212.18 d17.14
MinimumVisualStudioVersion = 10.0.40219.1
Project("{FAE04EC0-301F-11D3-BF4B-00C04F79EFBC}") = "uveghazrendszer", "uveghazrendszer\uveghazrendszer.csproj", "{0984FE57-9956-47C5-A125-8EC03C04EF42}"
EndProject
Global
	GlobalSection(SolutionConfigurationPlatforms) = preSolution
		Debug|Any CPU = Debug|Any CPU
		Release|Any CPU = Release|Any CPU
	EndGlobalSection
	GlobalSection(ProjectConfigurationPlatforms) = postSolution
		{0984FE57-9956-47C5-A125-8EC03C04EF42}.Debug|Any CPU.ActiveCfg = Debug|Any CPU
		{0984FE57-9956-47C5-A125-8EC03C04EF42}.Debug|Any CPU.Build.0 = Debug|Any CPU
		{0984FE57-9956-47C5-A125-8EC03C04EF42}.Release|Any CPU.ActiveCfg = Release|Any CPU
		{0984FE57-9956-47C5-A125-8EC03C04EF42}.Release|Any CPU.Build.0 = Release|Any CPU
	EndGlobalSection
	GlobalSection(SolutionProperties) = preSolution
		HideSolutionNode = FALSE
	EndGlobalSection
	GlobalSection(ExtensibilityGlobals) = postSolution
		SolutionGuid = {F567187C-AC97-4E91-AB57-F64538797AF4}
	EndGlobalSection
EndGlobal
